
Microsoft Visual Studio Solution File, Format Version 12.00
# Visual Studio Version 16
VisualStudioVersion = 16.0.31410.357
MinimumVisualStudioVersion = 10.0.40219.1
Project("{FAE04EC0-301F-11D3-BF4B-00C04F79EFBC}") = "Formuler.Core", "Formuler.Core.csproj", "{F53FF64A-A5B5-4974-98EC-674FE76829B6}"
EndProject
Global
	GlobalSection(SolutionConfigurationPlatforms) = preSolution
		Debug|Any CPU = Debug|Any CPU
		Release|Any CPU = Release|Any CPU
	EndGlobalSection
	GlobalSection(ProjectConfigurationPlatforms) = postSolution
		{F53FF64A-A5B5-4974-98EC-674FE76829B6}.Debug|Any CPU.ActiveCfg = Debug|Any CPU
		{F53FF64A-A5B5-4974-98EC-674FE76829B6}.Debug|Any CPU.Build.0 = Debug|Any CPU
		{F53FF64A-A5B5-4974-98EC-674FE76829B6}.Release|Any CPU.ActiveCfg = Release|Any CPU
		{F53FF64A-A5B5-4974-98EC-674FE76829B6}.Release|Any CPU.Build.0 = Release|Any CPU
	EndGlobalSection
	GlobalSection(SolutionProperties) = preSolution
		HideSolutionNode = FALSE
	EndGlobalSection
	GlobalSection(ExtensibilityGlobals) = postSolution
		SolutionGuid = {474DEB99-BE0C-4761-8318-156978AE1A2F}
	EndGlobalSection
EndGlobal
