
Microsoft Visual Studio Solution File, Format Version 12.00
# Visual Studio Version 16
VisualStudioVersion = 16.0.31410.357
MinimumVisualStudioVersion = 10.0.40219.1
Project("{FAE04EC0-301F-11D3-BF4B-00C04F79EFBC}") = "FileService.API", "FileService.API\FileService.API.csproj", "{5F61A008-4953-4587-84F1-97BA22FB99FD}"
EndProject
Project("{FAE04EC0-301F-11D3-BF4B-00C04F79EFBC}") = "FileService.Business", "FileService.Business\FileService.Business.csproj", "{85672320-9BB4-40E0-95F9-418140C3EB00}"
EndProject
Global
	GlobalSection(SolutionConfigurationPlatforms) = preSolution
		Debug|Any CPU = Debug|Any CPU
		Release|Any CPU = Release|Any CPU
	EndGlobalSection
	GlobalSection(ProjectConfigurationPlatforms) = postSolution
		{5F61A008-4953-4587-84F1-97BA22FB99FD}.Debug|Any CPU.ActiveCfg = Debug|Any CPU
		{5F61A008-4953-4587-84F1-97BA22FB99FD}.Debug|Any CPU.Build.0 = Debug|Any CPU
		{5F61A008-4953-4587-84F1-97BA22FB99FD}.Release|Any CPU.ActiveCfg = Release|Any CPU
		{5F61A008-4953-4587-84F1-97BA22FB99FD}.Release|Any CPU.Build.0 = Release|Any CPU
		{85672320-9BB4-40E0-95F9-418140C3EB00}.Debug|Any CPU.ActiveCfg = Debug|Any CPU
		{85672320-9BB4-40E0-95F9-418140C3EB00}.Debug|Any CPU.Build.0 = Debug|Any CPU
		{85672320-9BB4-40E0-95F9-418140C3EB00}.Release|Any CPU.ActiveCfg = Release|Any CPU
		{85672320-9BB4-40E0-95F9-418140C3EB00}.Release|Any CPU.Build.0 = Release|Any CPU
	EndGlobalSection
	GlobalSection(SolutionProperties) = preSolution
		HideSolutionNode = FALSE
	EndGlobalSection
	GlobalSection(ExtensibilityGlobals) = postSolution
		SolutionGuid = {EFF52D58-6633-4B6A-BA15-CB9E33FB5414}
	EndGlobalSection
EndGlobal
