
Microsoft Visual Studio Solution File, Format Version 12.00
# Visual Studio Version 16
VisualStudioVersion = 16.0.31410.357
MinimumVisualStudioVersion = 10.0.40219.1
Project("{FAE04EC0-301F-11D3-BF4B-00C04F79EFBC}") = "Formuler.Shared", "Formuler.Shared.csproj", "{15529A9D-69CC-4C7A-9EC5-C0D812CBBCF5}"
EndProject
Global
	GlobalSection(SolutionConfigurationPlatforms) = preSolution
		Debug|Any CPU = Debug|Any CPU
		Release|Any CPU = Release|Any CPU
	EndGlobalSection
	GlobalSection(ProjectConfigurationPlatforms) = postSolution
		{15529A9D-69CC-4C7A-9EC5-C0D812CBBCF5}.Debug|Any CPU.ActiveCfg = Debug|Any CPU
		{15529A9D-69CC-4C7A-9EC5-C0D812CBBCF5}.Debug|Any CPU.Build.0 = Debug|Any CPU
		{15529A9D-69CC-4C7A-9EC5-C0D812CBBCF5}.Release|Any CPU.ActiveCfg = Release|Any CPU
		{15529A9D-69CC-4C7A-9EC5-C0D812CBBCF5}.Release|Any CPU.Build.0 = Release|Any CPU
	EndGlobalSection
	GlobalSection(SolutionProperties) = preSolution
		HideSolutionNode = FALSE
	EndGlobalSection
	GlobalSection(ExtensibilityGlobals) = postSolution
		SolutionGuid = {DDE2B2BF-5E4B-4476-B50C-BAC101A69F68}
	EndGlobalSection
EndGlobal
