
Microsoft Visual Studio Solution File, Format Version 12.00
# Visual Studio Version 16
VisualStudioVersion = 16.0.31410.357
MinimumVisualStudioVersion = 10.0.40219.1
Project("{9A19103F-16F7-4668-BE54-9A1E7A4F7556}") = "UserService.Api", "UserService.Api\UserService.Api.csproj", "{32BE997A-EC16-4568-8BF0-D6B73C28771D}"
EndProject
Project("{9A19103F-16F7-4668-BE54-9A1E7A4F7556}") = "Formuler.Core", "..\Core\Formuler.Core\Formuler.Core.csproj", "{269F27DD-C77F-4E9F-840C-396AE2CD962F}"
EndProject
Project("{9A19103F-16F7-4668-BE54-9A1E7A4F7556}") = "UserService.Business", "UserService.Business\UserService.Business.csproj", "{CC5FAD6A-A382-490E-B147-D124A66FF45D}"
EndProject
Project("{FAE04EC0-301F-11D3-BF4B-00C04F79EFBC}") = "UserService.Data", "UserService.Data\UserService.Data.csproj", "{EEB27CD4-80C1-4455-98D9-03B9E5D246D6}"
EndProject
Global
	GlobalSection(SolutionConfigurationPlatforms) = preSolution
		Debug|Any CPU = Debug|Any CPU
		Release|Any CPU = Release|Any CPU
	EndGlobalSection
	GlobalSection(ProjectConfigurationPlatforms) = postSolution
		{32BE997A-EC16-4568-8BF0-D6B73C28771D}.Debug|Any CPU.ActiveCfg = Debug|Any CPU
		{32BE997A-EC16-4568-8BF0-D6B73C28771D}.Debug|Any CPU.Build.0 = Debug|Any CPU
		{32BE997A-EC16-4568-8BF0-D6B73C28771D}.Release|Any CPU.ActiveCfg = Release|Any CPU
		{32BE997A-EC16-4568-8BF0-D6B73C28771D}.Release|Any CPU.Build.0 = Release|Any CPU
		{269F27DD-C77F-4E9F-840C-396AE2CD962F}.Debug|Any CPU.ActiveCfg = Debug|Any CPU
		{269F27DD-C77F-4E9F-840C-396AE2CD962F}.Debug|Any CPU.Build.0 = Debug|Any CPU
		{269F27DD-C77F-4E9F-840C-396AE2CD962F}.Release|Any CPU.ActiveCfg = Release|Any CPU
		{269F27DD-C77F-4E9F-840C-396AE2CD962F}.Release|Any CPU.Build.0 = Release|Any CPU
		{CC5FAD6A-A382-490E-B147-D124A66FF45D}.Debug|Any CPU.ActiveCfg = Debug|Any CPU
		{CC5FAD6A-A382-490E-B147-D124A66FF45D}.Debug|Any CPU.Build.0 = Debug|Any CPU
		{CC5FAD6A-A382-490E-B147-D124A66FF45D}.Release|Any CPU.ActiveCfg = Release|Any CPU
		{CC5FAD6A-A382-490E-B147-D124A66FF45D}.Release|Any CPU.Build.0 = Release|Any CPU
		{EEB27CD4-80C1-4455-98D9-03B9E5D246D6}.Debug|Any CPU.ActiveCfg = Debug|Any CPU
		{EEB27CD4-80C1-4455-98D9-03B9E5D246D6}.Debug|Any CPU.Build.0 = Debug|Any CPU
		{EEB27CD4-80C1-4455-98D9-03B9E5D246D6}.Release|Any CPU.ActiveCfg = Release|Any CPU
		{EEB27CD4-80C1-4455-98D9-03B9E5D246D6}.Release|Any CPU.Build.0 = Release|Any CPU
	EndGlobalSection
	GlobalSection(SolutionProperties) = preSolution
		HideSolutionNode = FALSE
	EndGlobalSection
	GlobalSection(ExtensibilityGlobals) = postSolution
		SolutionGuid = {94803018-469E-4FAD-B42E-EAF1B1E86F87}
	EndGlobalSection
EndGlobal
